<Solution>
  <Project Path="API_ADO_EmpDept_CRUD.API/API_ADO_EmpDept_CRUD.API.csproj" />
  <Project Path="API_ADO_EmpDept_CRUD.Models/API_ADO_EmpDept_CRUD.Models.csproj" />
  <Project Path="API_ADO_EmpDept_CRUD.Repository/API_ADO_EmpDept_CRUD.Repository.csproj" />
  <Project Path="API_ADO_EmpDept_CRUD.Service/API_ADO_EmpDept_CRUD.Service.csproj" />
</Solution>
